
Microsoft Visual Studio Solution File, Format Version 12.00
# Visual Studio 15
VisualStudioVersion = 15.0.26730.12
MinimumVisualStudioVersion = 10.0.40219.1
Project("{FAE04EC0-301F-11D3-BF4B-00C04F79EFBC}") = "AutoClinicWeb", "AutoClinicWeb\AutoClinicWeb.csproj", "{43199BCD-13E3-4166-89B7-5FFAA2184B47}"
EndProject
Global
	GlobalSection(SolutionConfigurationPlatforms) = preSolution
		Debug|Any CPU = Debug|Any CPU
		Release|Any CPU = Release|Any CPU
	EndGlobalSection
	GlobalSection(ProjectConfigurationPlatforms) = postSolution
		{43199BCD-13E3-4166-89B7-5FFAA2184B47}.Debug|Any CPU.ActiveCfg = Debug|Any CPU
		{43199BCD-13E3-4166-89B7-5FFAA2184B47}.Debug|Any CPU.Build.0 = Debug|Any CPU
		{43199BCD-13E3-4166-89B7-5FFAA2184B47}.Release|Any CPU.ActiveCfg = Release|Any CPU
		{43199BCD-13E3-4166-89B7-5FFAA2184B47}.Release|Any CPU.Build.0 = Release|Any CPU
	EndGlobalSection
	GlobalSection(SolutionProperties) = preSolution
		HideSolutionNode = FALSE
	EndGlobalSection
	GlobalSection(ExtensibilityGlobals) = postSolution
		SolutionGuid = {F7B201DE-EF6D-43F0-8296-E1E08FC48833}
	EndGlobalSection
	GlobalSection(TeamFoundationVersionControl) = preSolution
		SccNumberOfProjects = 2
		SccEnterpriseProvider = {4CA58AB2-18FA-4F8D-95D4-32DDF27D184C}
		SccTeamFoundationServer = http://sict-tfs.nmmu.ac.za:8080/tfs/csms
		SccLocalPath0 = .
		SccProjectUniqueName1 = AutoClinicWeb\\AutoClinicWeb.csproj
		SccProjectName1 = AutoClinicWeb
		SccLocalPath1 = AutoClinicWeb
	EndGlobalSection
EndGlobal
